
Microsoft Visual Studio Solution File, Format Version 12.00
# Visual Studio Version 16
VisualStudioVersion = 16.0.29519.181
MinimumVisualStudioVersion = 10.0.40219.1
Project("{FAE04EC0-301F-11D3-BF4B-00C04F79EFBC}") = "JocDeSnake", "JocDeSnake\JocDeSnake.csproj", "{E4AF93AC-8DDA-4C39-8AC7-030B238203AD}"
EndProject
Global
	GlobalSection(SolutionConfigurationPlatforms) = preSolution
		Debug|Any CPU = Debug|Any CPU
		Release|Any CPU = Release|Any CPU
	EndGlobalSection
	GlobalSection(ProjectConfigurationPlatforms) = postSolution
		{E4AF93AC-8DDA-4C39-8AC7-030B238203AD}.Debug|Any CPU.ActiveCfg = Debug|Any CPU
		{E4AF93AC-8DDA-4C39-8AC7-030B238203AD}.Debug|Any CPU.Build.0 = Debug|Any CPU
		{E4AF93AC-8DDA-4C39-8AC7-030B238203AD}.Release|Any CPU.ActiveCfg = Release|Any CPU
		{E4AF93AC-8DDA-4C39-8AC7-030B238203AD}.Release|Any CPU.Build.0 = Release|Any CPU
	EndGlobalSection
	GlobalSection(SolutionProperties) = preSolution
		HideSolutionNode = FALSE
	EndGlobalSection
	GlobalSection(ExtensibilityGlobals) = postSolution
		SolutionGuid = {B0013EFA-BCFD-4601-9E92-A7373EE47B84}
	EndGlobalSection
EndGlobal
